{
  "originHash" : "f66a1201aa1b80dcf9691d004cf3e72ab708bbce2b2546cf3de09a40c8aaa8d0",
  "pins" : [
    {
      "identity" : "adaptysdk-ios",
      "kind" : "remoteSourceControl",
      "location" : "https://github.com/adaptyteam/AdaptySDK-iOS.git",
      "state" : {
        "revision" : "dc646737cf64bf955d6f87ff65dcf3f0ee6728a1",
        "version" : "3.15.5"
      }
    },
    {
      "identity" : "swinject",
      "kind" : "remoteSourceControl",
      "location" : "https://github.com/Swinject/Swinject",
      "state" : {
        "revision" : "b685b549fe4d8ae265fc7a2f27d0789720425d69",
        "version" : "2.10.0"
      }
    }
  ],
  "version" : 3
}
