// !$*UTF8*$!
{
	archiveVersion = 1;
	classes = {
	};
	objectVersion = 77;
	objects = {

/* Begin PBXBuildFile section */
		E21639732F50468D00A1FD03 /* MainView.swift in Sources */ = {isa = PBXBuildFile; fileRef = E21639702F50468D00A1FD03 /* MainView.swift */; };
		E21639742F50468D00A1FD03 /* pictory5046App.swift in Sources */ = {isa = PBXBuildFile; fileRef = E21639712F50468D00A1FD03 /* pictory5046App.swift */; };
		E21639752F50468D00A1FD03 /* Assets.xcassets in Resources */ = {isa = PBXBuildFile; fileRef = E216396F2F50468D00A1FD03 /* Assets.xcassets */; };
		E216397C2F50479E00A1FD03 /* Tab.swift in Sources */ = {isa = PBXBuildFile; fileRef = E216397B2F50479C00A1FD03 /* Tab.swift */; };
		E216397E2F5049CA00A1FD03 /* TabBarView.swift in Sources */ = {isa = PBXBuildFile; fileRef = E216397D2F5049C800A1FD03 /* TabBarView.swift */; };
		E21639802F5049E900A1FD03 /* MainViewModel.swift in Sources */ = {isa = PBXBuildFile; fileRef = E216397F2F5049E700A1FD03 /* MainViewModel.swift */; };
		E21639832F507AE800A1FD03 /* HomeView.swift in Sources */ = {isa = PBXBuildFile; fileRef = E21639822F507AE700A1FD03 /* HomeView.swift */; };
		E21639852F507C6A00A1FD03 /* NavBar.swift in Sources */ = {isa = PBXBuildFile; fileRef = E21639842F507C6300A1FD03 /* NavBar.swift */; };
		E21639882F50833600A1FD03 /* ExtensionColor.swift in Sources */ = {isa = PBXBuildFile; fileRef = E21639872F50832E00A1FD03 /* ExtensionColor.swift */; };
		E216398A2F508D1400A1FD03 /* PromptView.swift in Sources */ = {isa = PBXBuildFile; fileRef = E21639892F508D1200A1FD03 /* PromptView.swift */; };
		E216398C2F508DAB00A1FD03 /* MainButton.swift in Sources */ = {isa = PBXBuildFile; fileRef = E216398B2F508DA900A1FD03 /* MainButton.swift */; };
		E216398E2F51C6D300A1FD03 /* AspectRatioView.swift in Sources */ = {isa = PBXBuildFile; fileRef = E216398D2F51C6D100A1FD03 /* AspectRatioView.swift */; };
		E21639902F51C70400A1FD03 /* AspectRatio.swift in Sources */ = {isa = PBXBuildFile; fileRef = E216398F2F51C6FE00A1FD03 /* AspectRatio.swift */; };
		E2163AD32F51EBC500B8E9A8 /* SuccessBanner.swift in Sources */ = {isa = PBXBuildFile; fileRef = E2163AD22F51EBC400B8E9A8 /* SuccessBanner.swift */; };
		E2163AD52F51F04C00B8E9A8 /* HomeActionsView.swift in Sources */ = {isa = PBXBuildFile; fileRef = E2163AD42F51F04500B8E9A8 /* HomeActionsView.swift */; };
		E2163AD72F51F66D00B8E9A8 /* StylesView.swift in Sources */ = {isa = PBXBuildFile; fileRef = E2163AD62F51F66500B8E9A8 /* StylesView.swift */; };
		E2163AD92F52002800B8E9A8 /* PhotoStyle.swift in Sources */ = {isa = PBXBuildFile; fileRef = E2163AD82F52002600B8E9A8 /* PhotoStyle.swift */; };
		E2163ADB2F52019800B8E9A8 /* StyleCard.swift in Sources */ = {isa = PBXBuildFile; fileRef = E2163ADA2F52019100B8E9A8 /* StyleCard.swift */; };
		E2163ADE2F52036F00B8E9A8 /* ImageCacheManager.swift in Sources */ = {isa = PBXBuildFile; fileRef = E2163ADD2F52036D00B8E9A8 /* ImageCacheManager.swift */; };
		E2163AE02F5203C100B8E9A8 /* CachedAsyncImage.swift in Sources */ = {isa = PBXBuildFile; fileRef = E2163ADF2F5203BF00B8E9A8 /* CachedAsyncImage.swift */; };
		E2163AE92F57086900B8E9A8 /* APIManager.swift in Sources */ = {isa = PBXBuildFile; fileRef = E2163AE82F57086800B8E9A8 /* APIManager.swift */; };
		E2163AEC2F570AF400B8E9A8 /* styles.json in Resources */ = {isa = PBXBuildFile; fileRef = E2163AEB2F570AF400B8E9A8 /* styles.json */; };
		E2163AEF2F570B1F00B8E9A8 /* Alamofire in Frameworks */ = {isa = PBXBuildFile; productRef = E2163AEE2F570B1F00B8E9A8 /* Alamofire */; };
		E2163AF62F5713AD00B8E9A8 /* TemplatesView.swift in Sources */ = {isa = PBXBuildFile; fileRef = E2163AF42F5713AD00B8E9A8 /* TemplatesView.swift */; };
		E2163BA92F57551600B8E9A8 /* TemplateCard.swift in Sources */ = {isa = PBXBuildFile; fileRef = E2163BA82F57550D00B8E9A8 /* TemplateCard.swift */; };
		E2163BAB2F57559600B8E9A8 /* Template.swift in Sources */ = {isa = PBXBuildFile; fileRef = E2163BAA2F57559400B8E9A8 /* Template.swift */; };
		E2163BAD2F5756C000B8E9A8 /* templates.json in Resources */ = {isa = PBXBuildFile; fileRef = E2163BAC2F5756C000B8E9A8 /* templates.json */; };
		E2163BAF2F5759C800B8E9A8 /* TemplatesGroupView.swift in Sources */ = {isa = PBXBuildFile; fileRef = E2163BAE2F5759A600B8E9A8 /* TemplatesGroupView.swift */; };
		E2163C3F2F5857BA00B8E9A8 /* EnhancerView.swift in Sources */ = {isa = PBXBuildFile; fileRef = E2163C3E2F5857B200B8E9A8 /* EnhancerView.swift */; };
		E2163CF42F58A41400B8E9A8 /* VideoView.swift in Sources */ = {isa = PBXBuildFile; fileRef = E2163CF32F58A40F00B8E9A8 /* VideoView.swift */; };
		E2163CF72F58A85200B8E9A8 /* VideoGenerationOption.swift in Sources */ = {isa = PBXBuildFile; fileRef = E2163CF62F58A83100B8E9A8 /* VideoGenerationOption.swift */; };
		E2163CF92F58A93B00B8E9A8 /* VideoGenerationOptionsView.swift in Sources */ = {isa = PBXBuildFile; fileRef = E2163CF82F58A93700B8E9A8 /* VideoGenerationOptionsView.swift */; };
		E2163CFB2F59988C00B8E9A8 /* VideoActionsView.swift in Sources */ = {isa = PBXBuildFile; fileRef = E2163CFA2F59988400B8E9A8 /* VideoActionsView.swift */; };
		E2163CFD2F59A8E100B8E9A8 /* TwoImagePickerView.swift in Sources */ = {isa = PBXBuildFile; fileRef = E2163CFC2F59A8DA00B8E9A8 /* TwoImagePickerView.swift */; };
		E2B3199B2F59D1F30047D12E /* GenerationView.swift in Sources */ = {isa = PBXBuildFile; fileRef = E2B3199A2F59D1EE0047D12E /* GenerationView.swift */; };
		E2B3199D2F59D2BF0047D12E /* GenerationStatus.swift in Sources */ = {isa = PBXBuildFile; fileRef = E2B3199C2F59D2BD0047D12E /* GenerationStatus.swift */; };
		E2B3199F2F59D37E0047D12E /* PurchaseManager.swift in Sources */ = {isa = PBXBuildFile; fileRef = E2B3199E2F59D37B0047D12E /* PurchaseManager.swift */; };
		E2B319A42F59D4440047D12E /* AdaptyBillingProvider.swift in Sources */ = {isa = PBXBuildFile; fileRef = E2B319A32F59D4430047D12E /* AdaptyBillingProvider.swift */; };
		E2B319A72F59D4760047D12E /* Adapty in Frameworks */ = {isa = PBXBuildFile; productRef = E2B319A62F59D4760047D12E /* Adapty */; };
		E2B319A92F59D4A70047D12E /* BillingConfig.swift in Sources */ = {isa = PBXBuildFile; fileRef = E2B319A82F59D4A40047D12E /* BillingConfig.swift */; };
		E2B319AB2F59D5440047D12E /* BillingProduct.swift in Sources */ = {isa = PBXBuildFile; fileRef = E2B319AA2F59D5430047D12E /* BillingProduct.swift */; };
		E2B319AD2F59D5C00047D12E /* ServicePrices.swift in Sources */ = {isa = PBXBuildFile; fileRef = E2B319AC2F59D5BF0047D12E /* ServicePrices.swift */; };
		E2B319AF2F59E4400047D12E /* GeneratedVideoView.swift in Sources */ = {isa = PBXBuildFile; fileRef = E2B319AE2F59E4350047D12E /* GeneratedVideoView.swift */; };
		E2B319B12F59E4AE0047D12E /* ShareSheet.swift in Sources */ = {isa = PBXBuildFile; fileRef = E2B319B02F59E4AC0047D12E /* ShareSheet.swift */; };
		E2B319B32F59E7550047D12E /* Ultraphotorealistic_wideangle_landscape_202.mp4 in Resources */ = {isa = PBXBuildFile; fileRef = E2B319B22F59E7550047D12E /* Ultraphotorealistic_wideangle_landscape_202.mp4 */; };
		E2B319B62F59E7780047D12E /* subsAll.storekit in Resources */ = {isa = PBXBuildFile; fileRef = E2B319B42F59E7780047D12E /* subsAll.storekit */; };
		E2B319B72F59E7780047D12E /* subsTokens.storekit in Resources */ = {isa = PBXBuildFile; fileRef = E2B319B52F59E7780047D12E /* subsTokens.storekit */; };
		E2B319B92F5C9F4C0047D12E /* TemplateResult.swift in Sources */ = {isa = PBXBuildFile; fileRef = E2B319B82F5C9F450047D12E /* TemplateResult.swift */; };
		E2B319BB2F5C9F870047D12E /* DataManager.swift in Sources */ = {isa = PBXBuildFile; fileRef = E2B319BA2F5C9F7F0047D12E /* DataManager.swift */; };
		E2B319BD2F5CA11C0047D12E /* GenerateSession.swift in Sources */ = {isa = PBXBuildFile; fileRef = E2B319BC2F5CA11B0047D12E /* GenerateSession.swift */; };
		E2B319BF2F5CA6580047D12E /* VideoStorageManager.swift in Sources */ = {isa = PBXBuildFile; fileRef = E2B319BE2F5CA6550047D12E /* VideoStorageManager.swift */; };
		E2B319C12F5CA6CA0047D12E /* AuthData.swift in Sources */ = {isa = PBXBuildFile; fileRef = E2B319C02F5CA6C90047D12E /* AuthData.swift */; };
		E2D5E2602F5DEA4600D72AA0 /* GeneratedPhotoView.swift in Sources */ = {isa = PBXBuildFile; fileRef = E2D5E25F2F5DEA3A00D72AA0 /* GeneratedPhotoView.swift */; };
		E2D5E2632F5DFDFB00D72AA0 /* HistoryView.swift in Sources */ = {isa = PBXBuildFile; fileRef = E2D5E2622F5DFDF700D72AA0 /* HistoryView.swift */; };
		E2D5E2652F5DFF8800D72AA0 /* HistoryCard.swift in Sources */ = {isa = PBXBuildFile; fileRef = E2D5E2642F5DFF8600D72AA0 /* HistoryCard.swift */; };
		E2D5E2672F5E03C500D72AA0 /* GenerateType.swift in Sources */ = {isa = PBXBuildFile; fileRef = E2D5E2662F5E03C400D72AA0 /* GenerateType.swift */; };
		E2D5E4322F5EF5F700D72AA0 /* GeneratedView.swift in Sources */ = {isa = PBXBuildFile; fileRef = E2D5E4312F5EF5EB00D72AA0 /* GeneratedView.swift */; };
		E2D5E4342F5EF96B00D72AA0 /* SelectedTemplateView.swift in Sources */ = {isa = PBXBuildFile; fileRef = E2D5E4332F5EF95E00D72AA0 /* SelectedTemplateView.swift */; };
		E2D5E5502F5F286A00D72AA0 /* FlowPhase.swift in Sources */ = {isa = PBXBuildFile; fileRef = E2D5E54F2F5F286900D72AA0 /* FlowPhase.swift */; };
		E2D5E5522F5F2E6900D72AA0 /* PhotoGenerationFlowView.swift in Sources */ = {isa = PBXBuildFile; fileRef = E2D5E5512F5F2E6800D72AA0 /* PhotoGenerationFlowView.swift */; };
		E2D5E5552F5F57C000D72AA0 /* PaywallView.swift in Sources */ = {isa = PBXBuildFile; fileRef = E2D5E5542F5F57BA00D72AA0 /* PaywallView.swift */; };
		E2D5E5572F5F58D400D72AA0 /* SafariView.swift in Sources */ = {isa = PBXBuildFile; fileRef = E2D5E5562F5F58D200D72AA0 /* SafariView.swift */; };
		E2D5E55B2F5F5A7A00D72AA0 /* Links.swift in Sources */ = {isa = PBXBuildFile; fileRef = E2D5E55A2F5F5A7700D72AA0 /* Links.swift */; };
		E2D5E55D2F5F5B6700D72AA0 /* ExtensionString.swift in Sources */ = {isa = PBXBuildFile; fileRef = E2D5E55C2F5F5B5F00D72AA0 /* ExtensionString.swift */; };
		E2D5E55F2F60079500D72AA0 /* TokensPaywallView.swift in Sources */ = {isa = PBXBuildFile; fileRef = E2D5E55E2F60078D00D72AA0 /* TokensPaywallView.swift */; };
		E2D5E69E2F6036D300D72AA0 /* OnBoardView.swift in Sources */ = {isa = PBXBuildFile; fileRef = E2D5E69D2F6036D100D72AA0 /* OnBoardView.swift */; };
		E2D5E6A02F60398D00D72AA0 /* ExtensionFont.swift in Sources */ = {isa = PBXBuildFile; fileRef = E2D5E69F2F60398700D72AA0 /* ExtensionFont.swift */; };
		E2D5E6A32F6039FD00D72AA0 /* InstrumentSans-SemiBold.ttf in Resources */ = {isa = PBXBuildFile; fileRef = E2D5E6A22F6039FD00D72AA0 /* InstrumentSans-SemiBold.ttf */; };
		E2D5E7342F60424C00D72AA0 /* SettingsView.swift in Sources */ = {isa = PBXBuildFile; fileRef = E2D5E7332F60424A00D72AA0 /* SettingsView.swift */; };
		E2D5E7362F60439E00D72AA0 /* SettingsButton.swift in Sources */ = {isa = PBXBuildFile; fileRef = E2D5E7352F60439D00D72AA0 /* SettingsButton.swift */; };
		E2D5E7C52F604B6C00D72AA0 /* RateUsView.swift in Sources */ = {isa = PBXBuildFile; fileRef = E2D5E7C42F604B6B00D72AA0 /* RateUsView.swift */; };
		E2D5E7C72F604C1900D72AA0 /* MailView.swift in Sources */ = {isa = PBXBuildFile; fileRef = E2D5E7C62F604C1800D72AA0 /* MailView.swift */; };
		E2D5E7CA2F60507700D72AA0 /* LaunchView.swift in Sources */ = {isa = PBXBuildFile; fileRef = E2D5E7C92F60507500D72AA0 /* LaunchView.swift */; };
		E2D5E7CC2F60522300D72AA0 /* LaunchScreen.storyboard in Resources */ = {isa = PBXBuildFile; fileRef = E2D5E7CB2F60522300D72AA0 /* LaunchScreen.storyboard */; };
/* End PBXBuildFile section */

/* Begin PBXFileReference section */
		E21637462F4DAFCB00A1FD03 /* pictory5046.app */ = {isa = PBXFileReference; explicitFileType = wrapper.application; includeInIndex = 0; path = pictory5046.app; sourceTree = BUILT_PRODUCTS_DIR; };
		E216396F2F50468D00A1FD03 /* Assets.xcassets */ = {isa = PBXFileReference; lastKnownFileType = folder.assetcatalog; path = Assets.xcassets; sourceTree = "<group>"; };
		E21639702F50468D00A1FD03 /* MainView.swift */ = {isa = PBXFileReference; lastKnownFileType = sourcecode.swift; path = MainView.swift; sourceTree = "<group>"; };
		E21639712F50468D00A1FD03 /* pictory5046App.swift */ = {isa = PBXFileReference; lastKnownFileType = sourcecode.swift; path = pictory5046App.swift; sourceTree = "<group>"; };
		E216397B2F50479C00A1FD03 /* Tab.swift */ = {isa = PBXFileReference; lastKnownFileType = sourcecode.swift; path = Tab.swift; sourceTree = "<group>"; };
		E216397D2F5049C800A1FD03 /* TabBarView.swift */ = {isa = PBXFileReference; lastKnownFileType = sourcecode.swift; path = TabBarView.swift; sourceTree = "<group>"; };
		E216397F2F5049E700A1FD03 /* MainViewModel.swift */ = {isa = PBXFileReference; lastKnownFileType = sourcecode.swift; path = MainViewModel.swift; sourceTree = "<group>"; };
		E21639822F507AE700A1FD03 /* HomeView.swift */ = {isa = PBXFileReference; lastKnownFileType = sourcecode.swift; path = HomeView.swift; sourceTree = "<group>"; };
		E21639842F507C6300A1FD03 /* NavBar.swift */ = {isa = PBXFileReference; lastKnownFileType = sourcecode.swift; path = NavBar.swift; sourceTree = "<group>"; };
		E21639872F50832E00A1FD03 /* ExtensionColor.swift */ = {isa = PBXFileReference; lastKnownFileType = sourcecode.swift; path = ExtensionColor.swift; sourceTree = "<group>"; };
		E21639892F508D1200A1FD03 /* PromptView.swift */ = {isa = PBXFileReference; lastKnownFileType = sourcecode.swift; path = PromptView.swift; sourceTree = "<group>"; };
		E216398B2F508DA900A1FD03 /* MainButton.swift */ = {isa = PBXFileReference; lastKnownFileType = sourcecode.swift; path = MainButton.swift; sourceTree = "<group>"; };
		E216398D2F51C6D100A1FD03 /* AspectRatioView.swift */ = {isa = PBXFileReference; lastKnownFileType = sourcecode.swift; path = AspectRatioView.swift; sourceTree = "<group>"; };
		E216398F2F51C6FE00A1FD03 /* AspectRatio.swift */ = {isa = PBXFileReference; lastKnownFileType = sourcecode.swift; path = AspectRatio.swift; sourceTree = "<group>"; };
		E2163AD22F51EBC400B8E9A8 /* SuccessBanner.swift */ = {isa = PBXFileReference; lastKnownFileType = sourcecode.swift; path = SuccessBanner.swift; sourceTree = "<group>"; };
		E2163AD42F51F04500B8E9A8 /* HomeActionsView.swift */ = {isa = PBXFileReference; lastKnownFileType = sourcecode.swift; path = HomeActionsView.swift; sourceTree = "<group>"; };
		E2163AD62F51F66500B8E9A8 /* StylesView.swift */ = {isa = PBXFileReference; lastKnownFileType = sourcecode.swift; path = StylesView.swift; sourceTree = "<group>"; };
		E2163AD82F52002600B8E9A8 /* PhotoStyle.swift */ = {isa = PBXFileReference; lastKnownFileType = sourcecode.swift; path = PhotoStyle.swift; sourceTree = "<group>"; };
		E2163ADA2F52019100B8E9A8 /* StyleCard.swift */ = {isa = PBXFileReference; lastKnownFileType = sourcecode.swift; path = StyleCard.swift; sourceTree = "<group>"; };
		E2163ADD2F52036D00B8E9A8 /* ImageCacheManager.swift */ = {isa = PBXFileReference; lastKnownFileType = sourcecode.swift; path = ImageCacheManager.swift; sourceTree = "<group>"; };
		E2163ADF2F5203BF00B8E9A8 /* CachedAsyncImage.swift */ = {isa = PBXFileReference; lastKnownFileType = sourcecode.swift; path = CachedAsyncImage.swift; sourceTree = "<group>"; };
		E2163AE82F57086800B8E9A8 /* APIManager.swift */ = {isa = PBXFileReference; lastKnownFileType = sourcecode.swift; path = APIManager.swift; sourceTree = "<group>"; };
		E2163AEB2F570AF400B8E9A8 /* styles.json */ = {isa = PBXFileReference; lastKnownFileType = text.json; path = styles.json; sourceTree = "<group>"; };
		E2163AF42F5713AD00B8E9A8 /* TemplatesView.swift */ = {isa = PBXFileReference; lastKnownFileType = sourcecode.swift; path = TemplatesView.swift; sourceTree = "<group>"; };
		E2163BA82F57550D00B8E9A8 /* TemplateCard.swift */ = {isa = PBXFileReference; lastKnownFileType = sourcecode.swift; path = TemplateCard.swift; sourceTree = "<group>"; };
		E2163BAA2F57559400B8E9A8 /* Template.swift */ = {isa = PBXFileReference; lastKnownFileType = sourcecode.swift; path = Template.swift; sourceTree = "<group>"; };
		E2163BAC2F5756C000B8E9A8 /* templates.json */ = {isa = PBXFileReference; lastKnownFileType = text.json; path = templates.json; sourceTree = "<group>"; };
		E2163BAE2F5759A600B8E9A8 /* TemplatesGroupView.swift */ = {isa = PBXFileReference; lastKnownFileType = sourcecode.swift; path = TemplatesGroupView.swift; sourceTree = "<group>"; };
		E2163C3E2F5857B200B8E9A8 /* EnhancerView.swift */ = {isa = PBXFileReference; lastKnownFileType = sourcecode.swift; path = EnhancerView.swift; sourceTree = "<group>"; };
		E2163CF32F58A40F00B8E9A8 /* VideoView.swift */ = {isa = PBXFileReference; lastKnownFileType = sourcecode.swift; path = VideoView.swift; sourceTree = "<group>"; };
		E2163CF62F58A83100B8E9A8 /* VideoGenerationOption.swift */ = {isa = PBXFileReference; lastKnownFileType = sourcecode.swift; path = VideoGenerationOption.swift; sourceTree = "<group>"; };
		E2163CF82F58A93700B8E9A8 /* VideoGenerationOptionsView.swift */ = {isa = PBXFileReference; lastKnownFileType = sourcecode.swift; path = VideoGenerationOptionsView.swift; sourceTree = "<group>"; };
		E2163CFA2F59988400B8E9A8 /* VideoActionsView.swift */ = {isa = PBXFileReference; lastKnownFileType = sourcecode.swift; path = VideoActionsView.swift; sourceTree = "<group>"; };
		E2163CFC2F59A8DA00B8E9A8 /* TwoImagePickerView.swift */ = {isa = PBXFileReference; lastKnownFileType = sourcecode.swift; path = TwoImagePickerView.swift; sourceTree = "<group>"; };
		E2B3199A2F59D1EE0047D12E /* GenerationView.swift */ = {isa = PBXFileReference; lastKnownFileType = sourcecode.swift; path = GenerationView.swift; sourceTree = "<group>"; };
		E2B3199C2F59D2BD0047D12E /* GenerationStatus.swift */ = {isa = PBXFileReference; lastKnownFileType = sourcecode.swift; path = GenerationStatus.swift; sourceTree = "<group>"; };
		E2B3199E2F59D37B0047D12E /* PurchaseManager.swift */ = {isa = PBXFileReference; lastKnownFileType = sourcecode.swift; path = PurchaseManager.swift; sourceTree = "<group>"; };
		E2B319A32F59D4430047D12E /* AdaptyBillingProvider.swift */ = {isa = PBXFileReference; lastKnownFileType = sourcecode.swift; path = AdaptyBillingProvider.swift; sourceTree = "<group>"; };
		E2B319A82F59D4A40047D12E /* BillingConfig.swift */ = {isa = PBXFileReference; lastKnownFileType = sourcecode.swift; path = BillingConfig.swift; sourceTree = "<group>"; };
		E2B319AA2F59D5430047D12E /* BillingProduct.swift */ = {isa = PBXFileReference; lastKnownFileType = sourcecode.swift; path = BillingProduct.swift; sourceTree = "<group>"; };
		E2B319AC2F59D5BF0047D12E /* ServicePrices.swift */ = {isa = PBXFileReference; lastKnownFileType = sourcecode.swift; path = ServicePrices.swift; sourceTree = "<group>"; };
		E2B319AE2F59E4350047D12E /* GeneratedVideoView.swift */ = {isa = PBXFileReference; lastKnownFileType = sourcecode.swift; path = GeneratedVideoView.swift; sourceTree = "<group>"; };
		E2B319B02F59E4AC0047D12E /* ShareSheet.swift */ = {isa = PBXFileReference; lastKnownFileType = sourcecode.swift; path = ShareSheet.swift; sourceTree = "<group>"; };
		E2B319B22F59E7550047D12E /* Ultraphotorealistic_wideangle_landscape_202.mp4 */ = {isa = PBXFileReference; lastKnownFileType = file; path = Ultraphotorealistic_wideangle_landscape_202.mp4; sourceTree = "<group>"; };
		E2B319B42F59E7780047D12E /* subsAll.storekit */ = {isa = PBXFileReference; lastKnownFileType = text; path = subsAll.storekit; sourceTree = "<group>"; };
		E2B319B52F59E7780047D12E /* subsTokens.storekit */ = {isa = PBXFileReference; lastKnownFileType = text; path = subsTokens.storekit; sourceTree = "<group>"; };
		E2B319B82F5C9F450047D12E /* TemplateResult.swift */ = {isa = PBXFileReference; lastKnownFileType = sourcecode.swift; path = TemplateResult.swift; sourceTree = "<group>"; };
		E2B319BA2F5C9F7F0047D12E /* DataManager.swift */ = {isa = PBXFileReference; lastKnownFileType = sourcecode.swift; path = DataManager.swift; sourceTree = "<group>"; };
		E2B319BC2F5CA11B0047D12E /* GenerateSession.swift */ = {isa = PBXFileReference; lastKnownFileType = sourcecode.swift; path = GenerateSession.swift; sourceTree = "<group>"; };
		E2B319BE2F5CA6550047D12E /* VideoStorageManager.swift */ = {isa = PBXFileReference; lastKnownFileType = sourcecode.swift; path = VideoStorageManager.swift; sourceTree = "<group>"; };
		E2B319C02F5CA6C90047D12E /* AuthData.swift */ = {isa = PBXFileReference; lastKnownFileType = sourcecode.swift; path = AuthData.swift; sourceTree = "<group>"; };
		E2D5E25F2F5DEA3A00D72AA0 /* GeneratedPhotoView.swift */ = {isa = PBXFileReference; lastKnownFileType = sourcecode.swift; path = GeneratedPhotoView.swift; sourceTree = "<group>"; };
		E2D5E2622F5DFDF700D72AA0 /* HistoryView.swift */ = {isa = PBXFileReference; lastKnownFileType = sourcecode.swift; path = HistoryView.swift; sourceTree = "<group>"; };
		E2D5E2642F5DFF8600D72AA0 /* HistoryCard.swift */ = {isa = PBXFileReference; lastKnownFileType = sourcecode.swift; path = HistoryCard.swift; sourceTree = "<group>"; };
		E2D5E2662F5E03C400D72AA0 /* GenerateType.swift */ = {isa = PBXFileReference; lastKnownFileType = sourcecode.swift; path = GenerateType.swift; sourceTree = "<group>"; };
		E2D5E4312F5EF5EB00D72AA0 /* GeneratedView.swift */ = {isa = PBXFileReference; lastKnownFileType = sourcecode.swift; path = GeneratedView.swift; sourceTree = "<group>"; };
		E2D5E4332F5EF95E00D72AA0 /* SelectedTemplateView.swift */ = {isa = PBXFileReference; lastKnownFileType = sourcecode.swift; path = SelectedTemplateView.swift; sourceTree = "<group>"; };
		E2D5E54F2F5F286900D72AA0 /* FlowPhase.swift */ = {isa = PBXFileReference; lastKnownFileType = sourcecode.swift; path = FlowPhase.swift; sourceTree = "<group>"; };
		E2D5E5512F5F2E6800D72AA0 /* PhotoGenerationFlowView.swift */ = {isa = PBXFileReference; lastKnownFileType = sourcecode.swift; path = PhotoGenerationFlowView.swift; sourceTree = "<group>"; };
		E2D5E5542F5F57BA00D72AA0 /* PaywallView.swift */ = {isa = PBXFileReference; lastKnownFileType = sourcecode.swift; path = PaywallView.swift; sourceTree = "<group>"; };
		E2D5E5562F5F58D200D72AA0 /* SafariView.swift */ = {isa = PBXFileReference; lastKnownFileType = sourcecode.swift; path = SafariView.swift; sourceTree = "<group>"; };
		E2D5E55A2F5F5A7700D72AA0 /* Links.swift */ = {isa = PBXFileReference; lastKnownFileType = sourcecode.swift; path = Links.swift; sourceTree = "<group>"; };
		E2D5E55C2F5F5B5F00D72AA0 /* ExtensionString.swift */ = {isa = PBXFileReference; lastKnownFileType = sourcecode.swift; path = ExtensionString.swift; sourceTree = "<group>"; };
		E2D5E55E2F60078D00D72AA0 /* TokensPaywallView.swift */ = {isa = PBXFileReference; lastKnownFileType = sourcecode.swift; path = TokensPaywallView.swift; sourceTree = "<group>"; };
		E2D5E69D2F6036D100D72AA0 /* OnBoardView.swift */ = {isa = PBXFileReference; lastKnownFileType = sourcecode.swift; path = OnBoardView.swift; sourceTree = "<group>"; };
		E2D5E69F2F60398700D72AA0 /* ExtensionFont.swift */ = {isa = PBXFileReference; lastKnownFileType = sourcecode.swift; path = ExtensionFont.swift; sourceTree = "<group>"; };
		E2D5E6A22F6039FD00D72AA0 /* InstrumentSans-SemiBold.ttf */ = {isa = PBXFileReference; lastKnownFileType = file; path = "InstrumentSans-SemiBold.ttf"; sourceTree = "<group>"; };
		E2D5E6A42F603A1900D72AA0 /* Info.plist */ = {isa = PBXFileReference; lastKnownFileType = text.plist; path = Info.plist; sourceTree = "<group>"; };
		E2D5E7332F60424A00D72AA0 /* SettingsView.swift */ = {isa = PBXFileReference; lastKnownFileType = sourcecode.swift; path = SettingsView.swift; sourceTree = "<group>"; };
		E2D5E7352F60439D00D72AA0 /* SettingsButton.swift */ = {isa = PBXFileReference; lastKnownFileType = sourcecode.swift; path = SettingsButton.swift; sourceTree = "<group>"; };
		E2D5E7C42F604B6B00D72AA0 /* RateUsView.swift */ = {isa = PBXFileReference; lastKnownFileType = sourcecode.swift; path = RateUsView.swift; sourceTree = "<group>"; };
		E2D5E7C62F604C1800D72AA0 /* MailView.swift */ = {isa = PBXFileReference; lastKnownFileType = sourcecode.swift; path = MailView.swift; sourceTree = "<group>"; };
		E2D5E7C92F60507500D72AA0 /* LaunchView.swift */ = {isa = PBXFileReference; lastKnownFileType = sourcecode.swift; path = LaunchView.swift; sourceTree = "<group>"; };
		E2D5E7CB2F60522300D72AA0 /* LaunchScreen.storyboard */ = {isa = PBXFileReference; lastKnownFileType = file.storyboard; path = LaunchScreen.storyboard; sourceTree = "<group>"; };
/* End PBXFileReference section */

/* Begin PBXFrameworksBuildPhase section */
		E21637432F4DAFCB00A1FD03 /* Frameworks */ = {
			isa = PBXFrameworksBuildPhase;
			buildActionMask = 2147483647;
			files = (
				E2163AEF2F570B1F00B8E9A8 /* Alamofire in Frameworks */,
				E2B319A72F59D4760047D12E /* Adapty in Frameworks */,
			);
			runOnlyForDeploymentPostprocessing = 0;
		};
/* End PBXFrameworksBuildPhase section */

/* Begin PBXGroup section */
		E216373D2F4DAFCB00A1FD03 = {
			isa = PBXGroup;
			children = (
				E21639722F50468D00A1FD03 /* pictory5046 */,
				E21637472F4DAFCB00A1FD03 /* Products */,
			);
			sourceTree = "<group>";
		};
		E21637472F4DAFCB00A1FD03 /* Products */ = {
			isa = PBXGroup;
			children = (
				E21637462F4DAFCB00A1FD03 /* pictory5046.app */,
			);
			name = Products;
			sourceTree = "<group>";
		};
		E21639722F50468D00A1FD03 /* pictory5046 */ = {
			isa = PBXGroup;
			children = (
				E2D5E6A42F603A1900D72AA0 /* Info.plist */,
				E21639712F50468D00A1FD03 /* pictory5046App.swift */,
				E21639762F5046A000A1FD03 /* Model */,
				E21639772F5046A800A1FD03 /* View */,
				E21639782F5046AF00A1FD03 /* ViewModel */,
				E21639792F5046CE00A1FD03 /* Resources */,
				E2163ADC2F52034D00B8E9A8 /* Helpers */,
				E21639862F5082E600A1FD03 /* Extensions */,
			);
			path = pictory5046;
			sourceTree = "<group>";
		};
		E21639762F5046A000A1FD03 /* Model */ = {
			isa = PBXGroup;
			children = (
				E2B319A22F59D4300047D12E /* Billing */,
				E2B319AC2F59D5BF0047D12E /* ServicePrices.swift */,
				E2D5E55A2F5F5A7700D72AA0 /* Links.swift */,
				E2D5E54F2F5F286900D72AA0 /* FlowPhase.swift */,
				E2D5E2662F5E03C400D72AA0 /* GenerateType.swift */,
				E2B319BC2F5CA11B0047D12E /* GenerateSession.swift */,
				E2B319C02F5CA6C90047D12E /* AuthData.swift */,
				E2B319BA2F5C9F7F0047D12E /* DataManager.swift */,
				E2B319B82F5C9F450047D12E /* TemplateResult.swift */,
				E2B3199C2F59D2BD0047D12E /* GenerationStatus.swift */,
				E2163CF62F58A83100B8E9A8 /* VideoGenerationOption.swift */,
				E2163BAA2F57559400B8E9A8 /* Template.swift */,
				E2163AD82F52002600B8E9A8 /* PhotoStyle.swift */,
				E216398F2F51C6FE00A1FD03 /* AspectRatio.swift */,
				E216397B2F50479C00A1FD03 /* Tab.swift */,
			);
			path = Model;
			sourceTree = "<group>";
		};
		E21639772F5046A800A1FD03 /* View */ = {
			isa = PBXGroup;
			children = (
				E2D5E7C82F60505D00D72AA0 /* Launch */,
				E2D5E7322F60422900D72AA0 /* Settings */,
				E2D5E69C2F60369100D72AA0 /* OnBoarding */,
				E2D5E5532F5F57AF00D72AA0 /* Paywall */,
				E2D5E2612F5DFDC600D72AA0 /* History */,
				E2B319992F59D1E10047D12E /* Generation */,
				E2163CF52F58A43C00B8E9A8 /* Styles */,
				E2163CF22F58A40700B8E9A8 /* Video */,
				E2163CF12F58972100B8E9A8 /* Components */,
				E2163C3D2F5857A900B8E9A8 /* Enhancer */,
				E2163AF52F5713AD00B8E9A8 /* Templates */,
				E21639812F507ADC00A1FD03 /* Home */,
				E216397A2F50470600A1FD03 /* Main */,
			);
			path = View;
			sourceTree = "<group>";
		};
		E21639782F5046AF00A1FD03 /* ViewModel */ = {
			isa = PBXGroup;
			children = (
				E216397F2F5049E700A1FD03 /* MainViewModel.swift */,
			);
			path = ViewModel;
			sourceTree = "<group>";
		};
		E21639792F5046CE00A1FD03 /* Resources */ = {
			isa = PBXGroup;
			children = (
				E2D5E6A12F6039E800D72AA0 /* Fonts */,
				E2163AEA2F5709E600B8E9A8 /* Mock */,
				E216396F2F50468D00A1FD03 /* Assets.xcassets */,
				E2B319B42F59E7780047D12E /* subsAll.storekit */,
				E2B319B52F59E7780047D12E /* subsTokens.storekit */,
				E2B319B22F59E7550047D12E /* Ultraphotorealistic_wideangle_landscape_202.mp4 */,
			);
			path = Resources;
			sourceTree = "<group>";
		};
		E216397A2F50470600A1FD03 /* Main */ = {
			isa = PBXGroup;
			children = (
				E21639842F507C6300A1FD03 /* NavBar.swift */,
				E216397D2F5049C800A1FD03 /* TabBarView.swift */,
				E21639702F50468D00A1FD03 /* MainView.swift */,
			);
			path = Main;
			sourceTree = "<group>";
		};
		E21639812F507ADC00A1FD03 /* Home */ = {
			isa = PBXGroup;
			children = (
				E2163AD42F51F04500B8E9A8 /* HomeActionsView.swift */,
				E216398D2F51C6D100A1FD03 /* AspectRatioView.swift */,
				E21639822F507AE700A1FD03 /* HomeView.swift */,
			);
			path = Home;
			sourceTree = "<group>";
		};
		E21639862F5082E600A1FD03 /* Extensions */ = {
			isa = PBXGroup;
			children = (
				E2D5E69F2F60398700D72AA0 /* ExtensionFont.swift */,
				E2D5E55C2F5F5B5F00D72AA0 /* ExtensionString.swift */,
				E21639872F50832E00A1FD03 /* ExtensionColor.swift */,
			);
			path = Extensions;
			sourceTree = "<group>";
		};
		E2163ADC2F52034D00B8E9A8 /* Helpers */ = {
			isa = PBXGroup;
			children = (
				E2B319BE2F5CA6550047D12E /* VideoStorageManager.swift */,
				E2B3199E2F59D37B0047D12E /* PurchaseManager.swift */,
				E2163AE82F57086800B8E9A8 /* APIManager.swift */,
				E2163ADD2F52036D00B8E9A8 /* ImageCacheManager.swift */,
			);
			path = Helpers;
			sourceTree = "<group>";
		};
		E2163AEA2F5709E600B8E9A8 /* Mock */ = {
			isa = PBXGroup;
			children = (
				E2163AEB2F570AF400B8E9A8 /* styles.json */,
				E2163BAC2F5756C000B8E9A8 /* templates.json */,
			);
			path = Mock;
			sourceTree = "<group>";
		};
		E2163AF52F5713AD00B8E9A8 /* Templates */ = {
			isa = PBXGroup;
			children = (
				E2D5E4332F5EF95E00D72AA0 /* SelectedTemplateView.swift */,
				E2163BAE2F5759A600B8E9A8 /* TemplatesGroupView.swift */,
				E2163BA82F57550D00B8E9A8 /* TemplateCard.swift */,
				E2163AF42F5713AD00B8E9A8 /* TemplatesView.swift */,
			);
			path = Templates;
			sourceTree = "<group>";
		};
		E2163C3D2F5857A900B8E9A8 /* Enhancer */ = {
			isa = PBXGroup;
			children = (
				E2163C3E2F5857B200B8E9A8 /* EnhancerView.swift */,
			);
			path = Enhancer;
			sourceTree = "<group>";
		};
		E2163CF12F58972100B8E9A8 /* Components */ = {
			isa = PBXGroup;
			children = (
				E2D5E5562F5F58D200D72AA0 /* SafariView.swift */,
				E2D5E5512F5F2E6800D72AA0 /* PhotoGenerationFlowView.swift */,
				E2B319B02F59E4AC0047D12E /* ShareSheet.swift */,
				E21639892F508D1200A1FD03 /* PromptView.swift */,
				E2163ADF2F5203BF00B8E9A8 /* CachedAsyncImage.swift */,
				E216398B2F508DA900A1FD03 /* MainButton.swift */,
				E2163AD22F51EBC400B8E9A8 /* SuccessBanner.swift */,
			);
			path = Components;
			sourceTree = "<group>";
		};
		E2163CF22F58A40700B8E9A8 /* Video */ = {
			isa = PBXGroup;
			children = (
				E2163CFC2F59A8DA00B8E9A8 /* TwoImagePickerView.swift */,
				E2163CFA2F59988400B8E9A8 /* VideoActionsView.swift */,
				E2163CF82F58A93700B8E9A8 /* VideoGenerationOptionsView.swift */,
				E2163CF32F58A40F00B8E9A8 /* VideoView.swift */,
			);
			path = Video;
			sourceTree = "<group>";
		};
		E2163CF52F58A43C00B8E9A8 /* Styles */ = {
			isa = PBXGroup;
			children = (
				E2163ADA2F52019100B8E9A8 /* StyleCard.swift */,
				E2163AD62F51F66500B8E9A8 /* StylesView.swift */,
			);
			path = Styles;
			sourceTree = "<group>";
		};
		E2B319992F59D1E10047D12E /* Generation */ = {
			isa = PBXGroup;
			children = (
				E2D5E4312F5EF5EB00D72AA0 /* GeneratedView.swift */,
				E2D5E25F2F5DEA3A00D72AA0 /* GeneratedPhotoView.swift */,
				E2B319AE2F59E4350047D12E /* GeneratedVideoView.swift */,
				E2B3199A2F59D1EE0047D12E /* GenerationView.swift */,
			);
			path = Generation;
			sourceTree = "<group>";
		};
		E2B319A22F59D4300047D12E /* Billing */ = {
			isa = PBXGroup;
			children = (
				E2B319AA2F59D5430047D12E /* BillingProduct.swift */,
				E2B319A82F59D4A40047D12E /* BillingConfig.swift */,
				E2B319A32F59D4430047D12E /* AdaptyBillingProvider.swift */,
			);
			path = Billing;
			sourceTree = "<group>";
		};
		E2D5E2612F5DFDC600D72AA0 /* History */ = {
			isa = PBXGroup;
			children = (
				E2D5E2642F5DFF8600D72AA0 /* HistoryCard.swift */,
				E2D5E2622F5DFDF700D72AA0 /* HistoryView.swift */,
			);
			path = History;
			sourceTree = "<group>";
		};
		E2D5E5532F5F57AF00D72AA0 /* Paywall */ = {
			isa = PBXGroup;
			children = (
				E2D5E55E2F60078D00D72AA0 /* TokensPaywallView.swift */,
				E2D5E5542F5F57BA00D72AA0 /* PaywallView.swift */,
			);
			path = Paywall;
			sourceTree = "<group>";
		};
		E2D5E69C2F60369100D72AA0 /* OnBoarding */ = {
			isa = PBXGroup;
			children = (
				E2D5E69D2F6036D100D72AA0 /* OnBoardView.swift */,
			);
			path = OnBoarding;
			sourceTree = "<group>";
		};
		E2D5E6A12F6039E800D72AA0 /* Fonts */ = {
			isa = PBXGroup;
			children = (
				E2D5E6A22F6039FD00D72AA0 /* InstrumentSans-SemiBold.ttf */,
			);
			path = Fonts;
			sourceTree = "<group>";
		};
		E2D5E7322F60422900D72AA0 /* Settings */ = {
			isa = PBXGroup;
			children = (
				E2D5E7C62F604C1800D72AA0 /* MailView.swift */,
				E2D5E7C42F604B6B00D72AA0 /* RateUsView.swift */,
				E2D5E7352F60439D00D72AA0 /* SettingsButton.swift */,
				E2D5E7332F60424A00D72AA0 /* SettingsView.swift */,
			);
			path = Settings;
			sourceTree = "<group>";
		};
		E2D5E7C82F60505D00D72AA0 /* Launch */ = {
			isa = PBXGroup;
			children = (
				E2D5E7C92F60507500D72AA0 /* LaunchView.swift */,
				E2D5E7CB2F60522300D72AA0 /* LaunchScreen.storyboard */,
			);
			path = Launch;
			sourceTree = "<group>";
		};
/* End PBXGroup section */

/* Begin PBXNativeTarget section */
		E21637452F4DAFCB00A1FD03 /* pictory5046 */ = {
			isa = PBXNativeTarget;
			buildConfigurationList = E21637512F4DAFCD00A1FD03 /* Build configuration list for PBXNativeTarget "pictory5046" */;
			buildPhases = (
				E21637422F4DAFCB00A1FD03 /* Sources */,
				E21637432F4DAFCB00A1FD03 /* Frameworks */,
				E21637442F4DAFCB00A1FD03 /* Resources */,
			);
			buildRules = (
			);
			dependencies = (
			);
			name = pictory5046;
			packageProductDependencies = (
				E2163AEE2F570B1F00B8E9A8 /* Alamofire */,
				E2B319A62F59D4760047D12E /* Adapty */,
			);
			productName = pictory5046;
			productReference = E21637462F4DAFCB00A1FD03 /* pictory5046.app */;
			productType = "com.apple.product-type.application";
		};
/* End PBXNativeTarget section */

/* Begin PBXProject section */
		E216373E2F4DAFCB00A1FD03 /* Project object */ = {
			isa = PBXProject;
			attributes = {
				BuildIndependentTargetsInParallel = 1;
				LastSwiftUpdateCheck = 2620;
				LastUpgradeCheck = 2630;
				TargetAttributes = {
					E21637452F4DAFCB00A1FD03 = {
						CreatedOnToolsVersion = 26.2;
					};
				};
			};
			buildConfigurationList = E21637412F4DAFCB00A1FD03 /* Build configuration list for PBXProject "pictory5046" */;
			developmentRegion = en;
			hasScannedForEncodings = 0;
			knownRegions = (
				en,
				Base,
			);
			mainGroup = E216373D2F4DAFCB00A1FD03;
			minimizedProjectReferenceProxies = 1;
			packageReferences = (
				E2163AED2F570B1F00B8E9A8 /* XCRemoteSwiftPackageReference "Alamofire" */,
				E2B319A52F59D4760047D12E /* XCRemoteSwiftPackageReference "AdaptySDK-iOS" */,
			);
			preferredProjectObjectVersion = 77;
			productRefGroup = E21637472F4DAFCB00A1FD03 /* Products */;
			projectDirPath = "";
			projectRoot = "";
			targets = (
				E21637452F4DAFCB00A1FD03 /* pictory5046 */,
			);
		};
/* End PBXProject section */

/* Begin PBXResourcesBuildPhase section */
		E21637442F4DAFCB00A1FD03 /* Resources */ = {
			isa = PBXResourcesBuildPhase;
			buildActionMask = 2147483647;
			files = (
				E2B319B32F59E7550047D12E /* Ultraphotorealistic_wideangle_landscape_202.mp4 in Resources */,
				E2D5E7CC2F60522300D72AA0 /* LaunchScreen.storyboard in Resources */,
				E2163BAD2F5756C000B8E9A8 /* templates.json in Resources */,
				E2B319B62F59E7780047D12E /* subsAll.storekit in Resources */,
				E2B319B72F59E7780047D12E /* subsTokens.storekit in Resources */,
				E2D5E6A32F6039FD00D72AA0 /* InstrumentSans-SemiBold.ttf in Resources */,
				E21639752F50468D00A1FD03 /* Assets.xcassets in Resources */,
				E2163AEC2F570AF400B8E9A8 /* styles.json in Resources */,
			);
			runOnlyForDeploymentPostprocessing = 0;
		};
/* End PBXResourcesBuildPhase section */

/* Begin PBXSourcesBuildPhase section */
		E21637422F4DAFCB00A1FD03 /* Sources */ = {
			isa = PBXSourcesBuildPhase;
			buildActionMask = 2147483647;
			files = (
				E2B319AF2F59E4400047D12E /* GeneratedVideoView.swift in Sources */,
				E216398C2F508DAB00A1FD03 /* MainButton.swift in Sources */,
				E2B3199D2F59D2BF0047D12E /* GenerationStatus.swift in Sources */,
				E2B319BD2F5CA11C0047D12E /* GenerateSession.swift in Sources */,
				E21639802F5049E900A1FD03 /* MainViewModel.swift in Sources */,
				E2163BAF2F5759C800B8E9A8 /* TemplatesGroupView.swift in Sources */,
				E2D5E55F2F60079500D72AA0 /* TokensPaywallView.swift in Sources */,
				E2D5E2602F5DEA4600D72AA0 /* GeneratedPhotoView.swift in Sources */,
				E2163ADE2F52036F00B8E9A8 /* ImageCacheManager.swift in Sources */,
				E2B319BB2F5C9F870047D12E /* DataManager.swift in Sources */,
				E2163AD32F51EBC500B8E9A8 /* SuccessBanner.swift in Sources */,
				E216397C2F50479E00A1FD03 /* Tab.swift in Sources */,
				E2D5E5552F5F57C000D72AA0 /* PaywallView.swift in Sources */,
				E21639732F50468D00A1FD03 /* MainView.swift in Sources */,
				E2D5E69E2F6036D300D72AA0 /* OnBoardView.swift in Sources */,
				E2D5E5502F5F286A00D72AA0 /* FlowPhase.swift in Sources */,
				E2D5E5522F5F2E6900D72AA0 /* PhotoGenerationFlowView.swift in Sources */,
				E21639882F50833600A1FD03 /* ExtensionColor.swift in Sources */,
				E2B319AB2F59D5440047D12E /* BillingProduct.swift in Sources */,
				E2B319A92F59D4A70047D12E /* BillingConfig.swift in Sources */,
				E2163BA92F57551600B8E9A8 /* TemplateCard.swift in Sources */,
				E2163AD72F51F66D00B8E9A8 /* StylesView.swift in Sources */,
				E2D5E4322F5EF5F700D72AA0 /* GeneratedView.swift in Sources */,
				E2163AF62F5713AD00B8E9A8 /* TemplatesView.swift in Sources */,
				E2D5E7362F60439E00D72AA0 /* SettingsButton.swift in Sources */,
				E2163C3F2F5857BA00B8E9A8 /* EnhancerView.swift in Sources */,
				E2B3199B2F59D1F30047D12E /* GenerationView.swift in Sources */,
				E2163CF42F58A41400B8E9A8 /* VideoView.swift in Sources */,
				E2D5E55D2F5F5B6700D72AA0 /* ExtensionString.swift in Sources */,
				E2B319B92F5C9F4C0047D12E /* TemplateResult.swift in Sources */,
				E2D5E7C52F604B6C00D72AA0 /* RateUsView.swift in Sources */,
				E2D5E4342F5EF96B00D72AA0 /* SelectedTemplateView.swift in Sources */,
				E2B319BF2F5CA6580047D12E /* VideoStorageManager.swift in Sources */,
				E2D5E7CA2F60507700D72AA0 /* LaunchView.swift in Sources */,
				E2D5E5572F5F58D400D72AA0 /* SafariView.swift in Sources */,
				E2163AE02F5203C100B8E9A8 /* CachedAsyncImage.swift in Sources */,
				E2163AD92F52002800B8E9A8 /* PhotoStyle.swift in Sources */,
				E216398E2F51C6D300A1FD03 /* AspectRatioView.swift in Sources */,
				E2D5E2672F5E03C500D72AA0 /* GenerateType.swift in Sources */,
				E2B319C12F5CA6CA0047D12E /* AuthData.swift in Sources */,
				E216398A2F508D1400A1FD03 /* PromptView.swift in Sources */,
				E2163AE92F57086900B8E9A8 /* APIManager.swift in Sources */,
				E2D5E6A02F60398D00D72AA0 /* ExtensionFont.swift in Sources */,
				E2D5E2632F5DFDFB00D72AA0 /* HistoryView.swift in Sources */,
				E21639832F507AE800A1FD03 /* HomeView.swift in Sources */,
				E2D5E55B2F5F5A7A00D72AA0 /* Links.swift in Sources */,
				E21639852F507C6A00A1FD03 /* NavBar.swift in Sources */,
				E2163ADB2F52019800B8E9A8 /* StyleCard.swift in Sources */,
				E2D5E7342F60424C00D72AA0 /* SettingsView.swift in Sources */,
				E2163AD52F51F04C00B8E9A8 /* HomeActionsView.swift in Sources */,
				E216397E2F5049CA00A1FD03 /* TabBarView.swift in Sources */,
				E2163CF72F58A85200B8E9A8 /* VideoGenerationOption.swift in Sources */,
				E2163CFB2F59988C00B8E9A8 /* VideoActionsView.swift in Sources */,
				E2B319A42F59D4440047D12E /* AdaptyBillingProvider.swift in Sources */,
				E2B319B12F59E4AE0047D12E /* ShareSheet.swift in Sources */,
				E2163CFD2F59A8E100B8E9A8 /* TwoImagePickerView.swift in Sources */,
				E2B3199F2F59D37E0047D12E /* PurchaseManager.swift in Sources */,
				E2163BAB2F57559600B8E9A8 /* Template.swift in Sources */,
				E2163CF92F58A93B00B8E9A8 /* VideoGenerationOptionsView.swift in Sources */,
				E21639742F50468D00A1FD03 /* pictory5046App.swift in Sources */,
				E21639902F51C70400A1FD03 /* AspectRatio.swift in Sources */,
				E2D5E2652F5DFF8800D72AA0 /* HistoryCard.swift in Sources */,
				E2D5E7C72F604C1900D72AA0 /* MailView.swift in Sources */,
				E2B319AD2F59D5C00047D12E /* ServicePrices.swift in Sources */,
			);
			runOnlyForDeploymentPostprocessing = 0;
		};
/* End PBXSourcesBuildPhase section */

/* Begin XCBuildConfiguration section */
		E216374F2F4DAFCD00A1FD03 /* Debug */ = {
			isa = XCBuildConfiguration;
			buildSettings = {
				ALWAYS_SEARCH_USER_PATHS = NO;
				ASSETCATALOG_COMPILER_GENERATE_SWIFT_ASSET_SYMBOL_EXTENSIONS = YES;
				CLANG_ANALYZER_NONNULL = YES;
				CLANG_ANALYZER_NUMBER_OBJECT_CONVERSION = YES_AGGRESSIVE;
				CLANG_CXX_LANGUAGE_STANDARD = "gnu++20";
				CLANG_ENABLE_MODULES = YES;
				CLANG_ENABLE_OBJC_ARC = YES;
				CLANG_ENABLE_OBJC_WEAK = YES;
				CLANG_WARN_BLOCK_CAPTURE_AUTORELEASING = YES;
				CLANG_WARN_BOOL_CONVERSION = YES;
				CLANG_WARN_COMMA = YES;
				CLANG_WARN_CONSTANT_CONVERSION = YES;
				CLANG_WARN_DEPRECATED_OBJC_IMPLEMENTATIONS = YES;
				CLANG_WARN_DIRECT_OBJC_ISA_USAGE = YES_ERROR;
				CLANG_WARN_DOCUMENTATION_COMMENTS = YES;
				CLANG_WARN_EMPTY_BODY = YES;
				CLANG_WARN_ENUM_CONVERSION = YES;
				CLANG_WARN_INFINITE_RECURSION = YES;
				CLANG_WARN_INT_CONVERSION = YES;
				CLANG_WARN_NON_LITERAL_NULL_CONVERSION = YES;
				CLANG_WARN_OBJC_IMPLICIT_RETAIN_SELF = YES;
				CLANG_WARN_OBJC_LITERAL_CONVERSION = YES;
				CLANG_WARN_OBJC_ROOT_CLASS = YES_ERROR;
				CLANG_WARN_QUOTED_INCLUDE_IN_FRAMEWORK_HEADER = YES;
				CLANG_WARN_RANGE_LOOP_ANALYSIS = YES;
				CLANG_WARN_STRICT_PROTOTYPES = YES;
				CLANG_WARN_SUSPICIOUS_MOVE = YES;
				CLANG_WARN_UNGUARDED_AVAILABILITY = YES_AGGRESSIVE;
				CLANG_WARN_UNREACHABLE_CODE = YES;
				CLANG_WARN__DUPLICATE_METHOD_MATCH = YES;
				COPY_PHASE_STRIP = NO;
				DEBUG_INFORMATION_FORMAT = dwarf;
				DEVELOPMENT_TEAM = BL85AR9497;
				ENABLE_STRICT_OBJC_MSGSEND = YES;
				ENABLE_TESTABILITY = YES;
				ENABLE_USER_SCRIPT_SANDBOXING = YES;
				GCC_C_LANGUAGE_STANDARD = gnu17;
				GCC_DYNAMIC_NO_PIC = NO;
				GCC_NO_COMMON_BLOCKS = YES;
				GCC_OPTIMIZATION_LEVEL = 0;
				GCC_PREPROCESSOR_DEFINITIONS = (
					"DEBUG=1",
					"$(inherited)",
				);
				GCC_WARN_64_TO_32_BIT_CONVERSION = YES;
				GCC_WARN_ABOUT_RETURN_TYPE = YES_ERROR;
				GCC_WARN_UNDECLARED_SELECTOR = YES;
				GCC_WARN_UNINITIALIZED_AUTOS = YES_AGGRESSIVE;
				GCC_WARN_UNUSED_FUNCTION = YES;
				GCC_WARN_UNUSED_VARIABLE = YES;
				IPHONEOS_DEPLOYMENT_TARGET = 26.2;
				LOCALIZATION_PREFERS_STRING_CATALOGS = YES;
				MTL_ENABLE_DEBUG_INFO = INCLUDE_SOURCE;
				MTL_FAST_MATH = YES;
				ONLY_ACTIVE_ARCH = YES;
				SDKROOT = iphoneos;
				STRING_CATALOG_GENERATE_SYMBOLS = YES;
				SWIFT_ACTIVE_COMPILATION_CONDITIONS = "DEBUG $(inherited)";
				SWIFT_OPTIMIZATION_LEVEL = "-Onone";
			};
			name = Debug;
		};
		E21637502F4DAFCD00A1FD03 /* Release */ = {
			isa = XCBuildConfiguration;
			buildSettings = {
				ALWAYS_SEARCH_USER_PATHS = NO;
				ASSETCATALOG_COMPILER_GENERATE_SWIFT_ASSET_SYMBOL_EXTENSIONS = YES;
				CLANG_ANALYZER_NONNULL = YES;
				CLANG_ANALYZER_NUMBER_OBJECT_CONVERSION = YES_AGGRESSIVE;
				CLANG_CXX_LANGUAGE_STANDARD = "gnu++20";
				CLANG_ENABLE_MODULES = YES;
				CLANG_ENABLE_OBJC_ARC = YES;
				CLANG_ENABLE_OBJC_WEAK = YES;
				CLANG_WARN_BLOCK_CAPTURE_AUTORELEASING = YES;
				CLANG_WARN_BOOL_CONVERSION = YES;
				CLANG_WARN_COMMA = YES;
				CLANG_WARN_CONSTANT_CONVERSION = YES;
				CLANG_WARN_DEPRECATED_OBJC_IMPLEMENTATIONS = YES;
				CLANG_WARN_DIRECT_OBJC_ISA_USAGE = YES_ERROR;
				CLANG_WARN_DOCUMENTATION_COMMENTS = YES;
				CLANG_WARN_EMPTY_BODY = YES;
				CLANG_WARN_ENUM_CONVERSION = YES;
				CLANG_WARN_INFINITE_RECURSION = YES;
				CLANG_WARN_INT_CONVERSION = YES;
				CLANG_WARN_NON_LITERAL_NULL_CONVERSION = YES;
				CLANG_WARN_OBJC_IMPLICIT_RETAIN_SELF = YES;
				CLANG_WARN_OBJC_LITERAL_CONVERSION = YES;
				CLANG_WARN_OBJC_ROOT_CLASS = YES_ERROR;
				CLANG_WARN_QUOTED_INCLUDE_IN_FRAMEWORK_HEADER = YES;
				CLANG_WARN_RANGE_LOOP_ANALYSIS = YES;
				CLANG_WARN_STRICT_PROTOTYPES = YES;
				CLANG_WARN_SUSPICIOUS_MOVE = YES;
				CLANG_WARN_UNGUARDED_AVAILABILITY = YES_AGGRESSIVE;
				CLANG_WARN_UNREACHABLE_CODE = YES;
				CLANG_WARN__DUPLICATE_METHOD_MATCH = YES;
				COPY_PHASE_STRIP = NO;
				DEBUG_INFORMATION_FORMAT = "dwarf-with-dsym";
				DEVELOPMENT_TEAM = BL85AR9497;
				ENABLE_NS_ASSERTIONS = NO;
				ENABLE_STRICT_OBJC_MSGSEND = YES;
				ENABLE_USER_SCRIPT_SANDBOXING = YES;
				GCC_C_LANGUAGE_STANDARD = gnu17;
				GCC_NO_COMMON_BLOCKS = YES;
				GCC_WARN_64_TO_32_BIT_CONVERSION = YES;
				GCC_WARN_ABOUT_RETURN_TYPE = YES_ERROR;
				GCC_WARN_UNDECLARED_SELECTOR = YES;
				GCC_WARN_UNINITIALIZED_AUTOS = YES_AGGRESSIVE;
				GCC_WARN_UNUSED_FUNCTION = YES;
				GCC_WARN_UNUSED_VARIABLE = YES;
				IPHONEOS_DEPLOYMENT_TARGET = 26.2;
				LOCALIZATION_PREFERS_STRING_CATALOGS = YES;
				MTL_ENABLE_DEBUG_INFO = NO;
				MTL_FAST_MATH = YES;
				SDKROOT = iphoneos;
				STRING_CATALOG_GENERATE_SYMBOLS = YES;
				SWIFT_COMPILATION_MODE = wholemodule;
				VALIDATE_PRODUCT = YES;
			};
			name = Release;
		};
		E21637522F4DAFCD00A1FD03 /* Debug */ = {
			isa = XCBuildConfiguration;
			buildSettings = {
				ASSETCATALOG_COMPILER_APPICON_NAME = AppIcon;
				ASSETCATALOG_COMPILER_GLOBAL_ACCENT_COLOR_NAME = AccentColor;
				CODE_SIGN_STYLE = Automatic;
				CURRENT_PROJECT_VERSION = 1;
				DEVELOPMENT_TEAM = 2NVL5EUMWM;
				ENABLE_PREVIEWS = YES;
				GENERATE_INFOPLIST_FILE = YES;
				INFOPLIST_FILE = pictory5046/Info.plist;
				INFOPLIST_KEY_CFBundleDisplayName = "Artifex: AI Photo Generator";
				INFOPLIST_KEY_NSPhotoLibraryAddUsageDescription = "We need access to save generated images and video to your photo library.";
				INFOPLIST_KEY_NSUserTrackingUsageDescription = "This allows us to provide you with personalized content and improve our app experience.";
				INFOPLIST_KEY_UIApplicationSceneManifest_Generation = YES;
				INFOPLIST_KEY_UIApplicationSupportsIndirectInputEvents = YES;
				INFOPLIST_KEY_UILaunchScreen_Generation = YES;
				INFOPLIST_KEY_UILaunchStoryboardName = LaunchScreen.storyboard;
				INFOPLIST_KEY_UISupportedInterfaceOrientations = UIInterfaceOrientationPortrait;
				IPHONEOS_DEPLOYMENT_TARGET = 17;
				LD_RUNPATH_SEARCH_PATHS = (
					"$(inherited)",
					"@executable_path/Frameworks",
				);
				MARKETING_VERSION = 1.0.0;
				PRODUCT_BUNDLE_IDENTIFIER = com.meh.5046pictory;
				PRODUCT_NAME = "$(TARGET_NAME)";
				STRING_CATALOG_GENERATE_SYMBOLS = YES;
				SUPPORTED_PLATFORMS = "iphoneos iphonesimulator";
				SUPPORTS_MACCATALYST = NO;
				SUPPORTS_MAC_DESIGNED_FOR_IPHONE_IPAD = NO;
				SUPPORTS_XR_DESIGNED_FOR_IPHONE_IPAD = NO;
				SWIFT_APPROACHABLE_CONCURRENCY = YES;
				SWIFT_DEFAULT_ACTOR_ISOLATION = nonisolated;
				SWIFT_EMIT_LOC_STRINGS = YES;
				SWIFT_UPCOMING_FEATURE_MEMBER_IMPORT_VISIBILITY = YES;
				SWIFT_VERSION = 5.0;
				TARGETED_DEVICE_FAMILY = 1;
			};
			name = Debug;
		};
		E21637532F4DAFCD00A1FD03 /* Release */ = {
			isa = XCBuildConfiguration;
			buildSettings = {
				ASSETCATALOG_COMPILER_APPICON_NAME = AppIcon;
				ASSETCATALOG_COMPILER_GLOBAL_ACCENT_COLOR_NAME = AccentColor;
				CODE_SIGN_STYLE = Automatic;
				CURRENT_PROJECT_VERSION = 1;
				DEVELOPMENT_TEAM = 2NVL5EUMWM;
				ENABLE_PREVIEWS = YES;
				GENERATE_INFOPLIST_FILE = YES;
				INFOPLIST_FILE = pictory5046/Info.plist;
				INFOPLIST_KEY_CFBundleDisplayName = "Artifex: AI Photo Generator";
				INFOPLIST_KEY_NSPhotoLibraryAddUsageDescription = "We need access to save generated images and video to your photo library.";
				INFOPLIST_KEY_NSUserTrackingUsageDescription = "This allows us to provide you with personalized content and improve our app experience.";
				INFOPLIST_KEY_UIApplicationSceneManifest_Generation = YES;
				INFOPLIST_KEY_UIApplicationSupportsIndirectInputEvents = YES;
				INFOPLIST_KEY_UILaunchScreen_Generation = YES;
				INFOPLIST_KEY_UILaunchStoryboardName = LaunchScreen.storyboard;
				INFOPLIST_KEY_UISupportedInterfaceOrientations = UIInterfaceOrientationPortrait;
				IPHONEOS_DEPLOYMENT_TARGET = 17;
				LD_RUNPATH_SEARCH_PATHS = (
					"$(inherited)",
					"@executable_path/Frameworks",
				);
				MARKETING_VERSION = 1.0.0;
				PRODUCT_BUNDLE_IDENTIFIER = com.meh.5046pictory;
				PRODUCT_NAME = "$(TARGET_NAME)";
				STRING_CATALOG_GENERATE_SYMBOLS = YES;
				SUPPORTED_PLATFORMS = "iphoneos iphonesimulator";
				SUPPORTS_MACCATALYST = NO;
				SUPPORTS_MAC_DESIGNED_FOR_IPHONE_IPAD = NO;
				SUPPORTS_XR_DESIGNED_FOR_IPHONE_IPAD = NO;
				SWIFT_APPROACHABLE_CONCURRENCY = YES;
				SWIFT_DEFAULT_ACTOR_ISOLATION = nonisolated;
				SWIFT_EMIT_LOC_STRINGS = YES;
				SWIFT_UPCOMING_FEATURE_MEMBER_IMPORT_VISIBILITY = YES;
				SWIFT_VERSION = 5.0;
				TARGETED_DEVICE_FAMILY = 1;
			};
			name = Release;
		};
/* End XCBuildConfiguration section */

/* Begin XCConfigurationList section */
		E21637412F4DAFCB00A1FD03 /* Build configuration list for PBXProject "pictory5046" */ = {
			isa = XCConfigurationList;
			buildConfigurations = (
				E216374F2F4DAFCD00A1FD03 /* Debug */,
				E21637502F4DAFCD00A1FD03 /* Release */,
			);
			defaultConfigurationIsVisible = 0;
			defaultConfigurationName = Release;
		};
		E21637512F4DAFCD00A1FD03 /* Build configuration list for PBXNativeTarget "pictory5046" */ = {
			isa = XCConfigurationList;
			buildConfigurations = (
				E21637522F4DAFCD00A1FD03 /* Debug */,
				E21637532F4DAFCD00A1FD03 /* Release */,
			);
			defaultConfigurationIsVisible = 0;
			defaultConfigurationName = Release;
		};
/* End XCConfigurationList section */

/* Begin XCRemoteSwiftPackageReference section */
		E2163AED2F570B1F00B8E9A8 /* XCRemoteSwiftPackageReference "Alamofire" */ = {
			isa = XCRemoteSwiftPackageReference;
			repositoryURL = "https://github.com/Alamofire/Alamofire.git";
			requirement = {
				kind = upToNextMajorVersion;
				minimumVersion = 5.11.1;
			};
		};
		E2B319A52F59D4760047D12E /* XCRemoteSwiftPackageReference "AdaptySDK-iOS" */ = {
			isa = XCRemoteSwiftPackageReference;
			repositoryURL = "https://github.com/adaptyteam/AdaptySDK-iOS.git";
			requirement = {
				kind = upToNextMajorVersion;
				minimumVersion = 3.15.5;
			};
		};
/* End XCRemoteSwiftPackageReference section */

/* Begin XCSwiftPackageProductDependency section */
		E2163AEE2F570B1F00B8E9A8 /* Alamofire */ = {
			isa = XCSwiftPackageProductDependency;
			package = E2163AED2F570B1F00B8E9A8 /* XCRemoteSwiftPackageReference "Alamofire" */;
			productName = Alamofire;
		};
		E2B319A62F59D4760047D12E /* Adapty */ = {
			isa = XCSwiftPackageProductDependency;
			package = E2B319A52F59D4760047D12E /* XCRemoteSwiftPackageReference "AdaptySDK-iOS" */;
			productName = Adapty;
		};
/* End XCSwiftPackageProductDependency section */
	};
	rootObject = E216373E2F4DAFCB00A1FD03 /* Project object */;
}
